
Microsoft Visual Studio Solution File, Format Version 12.00
# Visual Studio 15
VisualStudioVersion = 15.0.27130.2024
MinimumVisualStudioVersion = 10.0.40219.1
Project("{FAE04EC0-301F-11D3-BF4B-00C04F79EFBC}") = "Pages", "AmazonTests\Pages.csproj", "{ADE5E5D1-8767-443F-A36B-1CAB8259B4E4}"
EndProject
Project("{FAE04EC0-301F-11D3-BF4B-00C04F79EFBC}") = "AmazonUITests", "AmazonUITests\AmazonUITests.csproj", "{1380AA88-62AC-4EDE-B56B-467A69AAE9A7}"
EndProject
Project("{FAE04EC0-301F-11D3-BF4B-00C04F79EFBC}") = "ConsoleApp1", "ConsoleApp1\ConsoleApp1.csproj", "{D9A7044D-F690-475E-8C20-7AF7DDC1B6BF}"
EndProject
Global
	GlobalSection(SolutionConfigurationPlatforms) = preSolution
		Debug|Any CPU = Debug|Any CPU
		Release|Any CPU = Release|Any CPU
	EndGlobalSection
	GlobalSection(ProjectConfigurationPlatforms) = postSolution
		{ADE5E5D1-8767-443F-A36B-1CAB8259B4E4}.Debug|Any CPU.ActiveCfg = Debug|Any CPU
		{ADE5E5D1-8767-443F-A36B-1CAB8259B4E4}.Debug|Any CPU.Build.0 = Debug|Any CPU
		{ADE5E5D1-8767-443F-A36B-1CAB8259B4E4}.Release|Any CPU.ActiveCfg = Release|Any CPU
		{ADE5E5D1-8767-443F-A36B-1CAB8259B4E4}.Release|Any CPU.Build.0 = Release|Any CPU
		{1380AA88-62AC-4EDE-B56B-467A69AAE9A7}.Debug|Any CPU.ActiveCfg = Debug|Any CPU
		{1380AA88-62AC-4EDE-B56B-467A69AAE9A7}.Debug|Any CPU.Build.0 = Debug|Any CPU
		{1380AA88-62AC-4EDE-B56B-467A69AAE9A7}.Release|Any CPU.ActiveCfg = Release|Any CPU
		{1380AA88-62AC-4EDE-B56B-467A69AAE9A7}.Release|Any CPU.Build.0 = Release|Any CPU
		{D9A7044D-F690-475E-8C20-7AF7DDC1B6BF}.Debug|Any CPU.ActiveCfg = Debug|Any CPU
		{D9A7044D-F690-475E-8C20-7AF7DDC1B6BF}.Debug|Any CPU.Build.0 = Debug|Any CPU
		{D9A7044D-F690-475E-8C20-7AF7DDC1B6BF}.Release|Any CPU.ActiveCfg = Release|Any CPU
		{D9A7044D-F690-475E-8C20-7AF7DDC1B6BF}.Release|Any CPU.Build.0 = Release|Any CPU
	EndGlobalSection
	GlobalSection(SolutionProperties) = preSolution
		HideSolutionNode = FALSE
	EndGlobalSection
	GlobalSection(ExtensibilityGlobals) = postSolution
		SolutionGuid = {95C49EF5-CD42-4C1A-AAC6-882C7E4BBF58}
	EndGlobalSection
EndGlobal
